{
  "object": {
    "pins": [
      {
        "package": "Boing",
        "repositoryURL": "git@github.com:pokanop/boing.git",
        "state": {
          "branch": null,
          "revision": "6c5a6521b1dd584cd3c092b43580f040614d5243",
          "version": "0.8.0"
        }
      },
      {
        "package": "SWookiee",
        "repositoryURL": "git@github.com:pokanop/swookiee.git",
        "state": {
          "branch": null,
          "revision": "470e0c304942f50731e3da0a57a3a61d397207f3",
          "version": "0.5.2"
        }
      }
    ]
  },
  "version": 1
}
