{
  "object": {
    "pins": [
      {
        "package": "Boing",
        "repositoryURL": "git@github.com:pokanop/boing.git",
        "state": {
          "branch": null,
          "revision": "6c5a6521b1dd584cd3c092b43580f040614d5243",
          "version": "0.8.0"
        }
      },
      {
        "package": "SWookiee",
        "repositoryURL": "git@github.com:pokanop/swookiee.git",
        "state": {
          "branch": null,
          "revision": "606c5c2c770c015fc8cf82ad6c288f1726c7d19f",
          "version": "0.2.0"
        }
      }
    ]
  },
  "version": 1
}
