{
  "pins" : [
    {
      "identity" : "boing",
      "kind" : "remoteSourceControl",
      "location" : "git@github.com:pokanop/boing.git",
      "state" : {
        "revision" : "6c5a6521b1dd584cd3c092b43580f040614d5243",
        "version" : "0.8.0"
      }
    },
    {
      "identity" : "swookiee",
      "kind" : "remoteSourceControl",
      "location" : "git@github.com:pokanop/swookiee.git",
      "state" : {
        "revision" : "ee551b79fc3ac514300e13d2e70790cff93f6089",
        "version" : "0.6.1"
      }
    }
  ],
  "version" : 2
}
