// !$*UTF8*$!
{
	archiveVersion = 1;
	classes = {
	};
	objectVersion = 52;
	objects = {

/* Begin PBXBuildFile section */
		9716B25C247A004800AD59B9 /* FilmCell.swift in Sources */ = {isa = PBXBuildFile; fileRef = 9716B25B247A004800AD59B9 /* FilmCell.swift */; };
		9716B25E247A005C00AD59B9 /* PersonCell.swift in Sources */ = {isa = PBXBuildFile; fileRef = 9716B25D247A005C00AD59B9 /* PersonCell.swift */; };
		9716B260247A009200AD59B9 /* PlanetCell.swift in Sources */ = {isa = PBXBuildFile; fileRef = 9716B25F247A009200AD59B9 /* PlanetCell.swift */; };
		9716B262247A00A200AD59B9 /* VehicleCell.swift in Sources */ = {isa = PBXBuildFile; fileRef = 9716B261247A00A200AD59B9 /* VehicleCell.swift */; };
		9716B264247A00B200AD59B9 /* SpeciesCell.swift in Sources */ = {isa = PBXBuildFile; fileRef = 9716B263247A00B200AD59B9 /* SpeciesCell.swift */; };
		9716B266247A00C100AD59B9 /* StarshipCell.swift in Sources */ = {isa = PBXBuildFile; fileRef = 9716B265247A00C100AD59B9 /* StarshipCell.swift */; };
		9716B268247A00F000AD59B9 /* ResourceCell.swift in Sources */ = {isa = PBXBuildFile; fileRef = 9716B267247A00F000AD59B9 /* ResourceCell.swift */; };
		9716B26A247A045F00AD59B9 /* HeaderView.swift in Sources */ = {isa = PBXBuildFile; fileRef = 9716B269247A045F00AD59B9 /* HeaderView.swift */; };
		9716B26D247A049900AD59B9 /* KindProvider.swift in Sources */ = {isa = PBXBuildFile; fileRef = 9716B26C247A049900AD59B9 /* KindProvider.swift */; };
		9716B26F247A056F00AD59B9 /* ReuseProvider.swift in Sources */ = {isa = PBXBuildFile; fileRef = 9716B26E247A056F00AD59B9 /* ReuseProvider.swift */; };
		9716B271247A349100AD59B9 /* SectionCell.swift in Sources */ = {isa = PBXBuildFile; fileRef = 9716B270247A349100AD59B9 /* SectionCell.swift */; };
		9716B273247A37D200AD59B9 /* Section.swift in Sources */ = {isa = PBXBuildFile; fileRef = 9716B272247A37D200AD59B9 /* Section.swift */; };
		9716B278247ADE0F00AD59B9 /* Starjedi.ttf in Resources */ = {isa = PBXBuildFile; fileRef = 9716B277247ADE0F00AD59B9 /* Starjedi.ttf */; };
		9716B27B247ADEA800AD59B9 /* FontExtensions.swift in Sources */ = {isa = PBXBuildFile; fileRef = 9716B27A247ADEA800AD59B9 /* FontExtensions.swift */; };
		9716B280247AE98900AD59B9 /* NavigationController.swift in Sources */ = {isa = PBXBuildFile; fileRef = 9716B27F247AE98900AD59B9 /* NavigationController.swift */; };
		9716B282247AF3E700AD59B9 /* ResourcesViewController.swift in Sources */ = {isa = PBXBuildFile; fileRef = 9716B281247AF3E700AD59B9 /* ResourcesViewController.swift */; };
		9716B284247AF95700AD59B9 /* Loader.swift in Sources */ = {isa = PBXBuildFile; fileRef = 9716B283247AF95700AD59B9 /* Loader.swift */; };
		9716B286247C8BC100AD59B9 /* ArrayExtensions.swift in Sources */ = {isa = PBXBuildFile; fileRef = 9716B285247C8BC100AD59B9 /* ArrayExtensions.swift */; };
		9716B288247C8F2200AD59B9 /* LayoutPosition.swift in Sources */ = {isa = PBXBuildFile; fileRef = 9716B287247C8F2200AD59B9 /* LayoutPosition.swift */; };
		977EBBA72467D7AE009F1A93 /* SWookiee in Frameworks */ = {isa = PBXBuildFile; productRef = 977EBBA62467D7AE009F1A93 /* SWookiee */; };
		97E071BD2478DBF200055C42 /* IntroViewController.swift in Sources */ = {isa = PBXBuildFile; fileRef = 97E071BC2478DBF200055C42 /* IntroViewController.swift */; };
		97E071BF2478EAE500055C42 /* TiltedTextView.swift in Sources */ = {isa = PBXBuildFile; fileRef = 97E071BE2478EAE500055C42 /* TiltedTextView.swift */; };
		97FF6F4C24677CB700B9FB56 /* AppDelegate.swift in Sources */ = {isa = PBXBuildFile; fileRef = 97FF6F4B24677CB700B9FB56 /* AppDelegate.swift */; };
		97FF6F4E24677CB700B9FB56 /* SceneDelegate.swift in Sources */ = {isa = PBXBuildFile; fileRef = 97FF6F4D24677CB700B9FB56 /* SceneDelegate.swift */; };
		97FF6F5024677CB700B9FB56 /* HomeViewController.swift in Sources */ = {isa = PBXBuildFile; fileRef = 97FF6F4F24677CB700B9FB56 /* HomeViewController.swift */; };
		97FF6F5324677CB700B9FB56 /* Main.storyboard in Resources */ = {isa = PBXBuildFile; fileRef = 97FF6F5124677CB700B9FB56 /* Main.storyboard */; };
		97FF6F5524677CB700B9FB56 /* Assets.xcassets in Resources */ = {isa = PBXBuildFile; fileRef = 97FF6F5424677CB700B9FB56 /* Assets.xcassets */; };
		97FF6F5824677CB700B9FB56 /* LaunchScreen.storyboard in Resources */ = {isa = PBXBuildFile; fileRef = 97FF6F5624677CB700B9FB56 /* LaunchScreen.storyboard */; };
		97FF6F6124677CD800B9FB56 /* Boing in Frameworks */ = {isa = PBXBuildFile; productRef = 97FF6F6024677CD800B9FB56 /* Boing */; };
/* End PBXBuildFile section */

/* Begin PBXCopyFilesBuildPhase section */
		97EB789C2467920C0035D0DD /* Embed Frameworks */ = {
			isa = PBXCopyFilesBuildPhase;
			buildActionMask = 2147483647;
			dstPath = "";
			dstSubfolderSpec = 10;
			files = (
			);
			name = "Embed Frameworks";
			runOnlyForDeploymentPostprocessing = 0;
		};
/* End PBXCopyFilesBuildPhase section */

/* Begin PBXFileReference section */
		9716B25B247A004800AD59B9 /* FilmCell.swift */ = {isa = PBXFileReference; lastKnownFileType = sourcecode.swift; path = FilmCell.swift; sourceTree = "<group>"; };
		9716B25D247A005C00AD59B9 /* PersonCell.swift */ = {isa = PBXFileReference; lastKnownFileType = sourcecode.swift; path = PersonCell.swift; sourceTree = "<group>"; };
		9716B25F247A009200AD59B9 /* PlanetCell.swift */ = {isa = PBXFileReference; lastKnownFileType = sourcecode.swift; path = PlanetCell.swift; sourceTree = "<group>"; };
		9716B261247A00A200AD59B9 /* VehicleCell.swift */ = {isa = PBXFileReference; lastKnownFileType = sourcecode.swift; path = VehicleCell.swift; sourceTree = "<group>"; };
		9716B263247A00B200AD59B9 /* SpeciesCell.swift */ = {isa = PBXFileReference; lastKnownFileType = sourcecode.swift; path = SpeciesCell.swift; sourceTree = "<group>"; };
		9716B265247A00C100AD59B9 /* StarshipCell.swift */ = {isa = PBXFileReference; lastKnownFileType = sourcecode.swift; path = StarshipCell.swift; sourceTree = "<group>"; };
		9716B267247A00F000AD59B9 /* ResourceCell.swift */ = {isa = PBXFileReference; lastKnownFileType = sourcecode.swift; path = ResourceCell.swift; sourceTree = "<group>"; };
		9716B269247A045F00AD59B9 /* HeaderView.swift */ = {isa = PBXFileReference; lastKnownFileType = sourcecode.swift; path = HeaderView.swift; sourceTree = "<group>"; };
		9716B26C247A049900AD59B9 /* KindProvider.swift */ = {isa = PBXFileReference; lastKnownFileType = sourcecode.swift; path = KindProvider.swift; sourceTree = "<group>"; };
		9716B26E247A056F00AD59B9 /* ReuseProvider.swift */ = {isa = PBXFileReference; lastKnownFileType = sourcecode.swift; path = ReuseProvider.swift; sourceTree = "<group>"; };
		9716B270247A349100AD59B9 /* SectionCell.swift */ = {isa = PBXFileReference; lastKnownFileType = sourcecode.swift; path = SectionCell.swift; sourceTree = "<group>"; };
		9716B272247A37D200AD59B9 /* Section.swift */ = {isa = PBXFileReference; lastKnownFileType = sourcecode.swift; path = Section.swift; sourceTree = "<group>"; };
		9716B277247ADE0F00AD59B9 /* Starjedi.ttf */ = {isa = PBXFileReference; lastKnownFileType = file; path = Starjedi.ttf; sourceTree = "<group>"; };
		9716B27A247ADEA800AD59B9 /* FontExtensions.swift */ = {isa = PBXFileReference; lastKnownFileType = sourcecode.swift; path = FontExtensions.swift; sourceTree = "<group>"; };
		9716B27F247AE98900AD59B9 /* NavigationController.swift */ = {isa = PBXFileReference; lastKnownFileType = sourcecode.swift; path = NavigationController.swift; sourceTree = "<group>"; };
		9716B281247AF3E700AD59B9 /* ResourcesViewController.swift */ = {isa = PBXFileReference; lastKnownFileType = sourcecode.swift; path = ResourcesViewController.swift; sourceTree = "<group>"; };
		9716B283247AF95700AD59B9 /* Loader.swift */ = {isa = PBXFileReference; lastKnownFileType = sourcecode.swift; path = Loader.swift; sourceTree = "<group>"; };
		9716B285247C8BC100AD59B9 /* ArrayExtensions.swift */ = {isa = PBXFileReference; lastKnownFileType = sourcecode.swift; path = ArrayExtensions.swift; sourceTree = "<group>"; };
		9716B287247C8F2200AD59B9 /* LayoutPosition.swift */ = {isa = PBXFileReference; lastKnownFileType = sourcecode.swift; path = LayoutPosition.swift; sourceTree = "<group>"; };
		97E071BC2478DBF200055C42 /* IntroViewController.swift */ = {isa = PBXFileReference; lastKnownFileType = sourcecode.swift; path = IntroViewController.swift; sourceTree = "<group>"; };
		97E071BE2478EAE500055C42 /* TiltedTextView.swift */ = {isa = PBXFileReference; lastKnownFileType = sourcecode.swift; path = TiltedTextView.swift; sourceTree = "<group>"; };
		97FF6F4824677CB700B9FB56 /* SWookiee App.app */ = {isa = PBXFileReference; explicitFileType = wrapper.application; includeInIndex = 0; path = "SWookiee App.app"; sourceTree = BUILT_PRODUCTS_DIR; };
		97FF6F4B24677CB700B9FB56 /* AppDelegate.swift */ = {isa = PBXFileReference; lastKnownFileType = sourcecode.swift; path = AppDelegate.swift; sourceTree = "<group>"; };
		97FF6F4D24677CB700B9FB56 /* SceneDelegate.swift */ = {isa = PBXFileReference; lastKnownFileType = sourcecode.swift; path = SceneDelegate.swift; sourceTree = "<group>"; };
		97FF6F4F24677CB700B9FB56 /* HomeViewController.swift */ = {isa = PBXFileReference; lastKnownFileType = sourcecode.swift; path = HomeViewController.swift; sourceTree = "<group>"; };
		97FF6F5224677CB700B9FB56 /* Base */ = {isa = PBXFileReference; lastKnownFileType = file.storyboard; name = Base; path = Base.lproj/Main.storyboard; sourceTree = "<group>"; };
		97FF6F5424677CB700B9FB56 /* Assets.xcassets */ = {isa = PBXFileReference; lastKnownFileType = folder.assetcatalog; path = Assets.xcassets; sourceTree = "<group>"; };
		97FF6F5724677CB700B9FB56 /* Base */ = {isa = PBXFileReference; lastKnownFileType = file.storyboard; name = Base; path = Base.lproj/LaunchScreen.storyboard; sourceTree = "<group>"; };
		97FF6F5924677CB700B9FB56 /* Info.plist */ = {isa = PBXFileReference; lastKnownFileType = text.plist.xml; path = Info.plist; sourceTree = "<group>"; };
/* End PBXFileReference section */

/* Begin PBXFrameworksBuildPhase section */
		97FF6F4524677CB700B9FB56 /* Frameworks */ = {
			isa = PBXFrameworksBuildPhase;
			buildActionMask = 2147483647;
			files = (
				977EBBA72467D7AE009F1A93 /* SWookiee in Frameworks */,
				97FF6F6124677CD800B9FB56 /* Boing in Frameworks */,
			);
			runOnlyForDeploymentPostprocessing = 0;
		};
/* End PBXFrameworksBuildPhase section */

/* Begin PBXGroup section */
		9716B26B247A046F00AD59B9 /* Protocols */ = {
			isa = PBXGroup;
			children = (
				9716B26C247A049900AD59B9 /* KindProvider.swift */,
				9716B26E247A056F00AD59B9 /* ReuseProvider.swift */,
			);
			path = Protocols;
			sourceTree = "<group>";
		};
		9716B276247ADDD200AD59B9 /* Assets */ = {
			isa = PBXGroup;
			children = (
				9716B277247ADE0F00AD59B9 /* Starjedi.ttf */,
				97FF6F5424677CB700B9FB56 /* Assets.xcassets */,
			);
			path = Assets;
			sourceTree = "<group>";
		};
		9716B279247ADE9700AD59B9 /* Extensions */ = {
			isa = PBXGroup;
			children = (
				9716B285247C8BC100AD59B9 /* ArrayExtensions.swift */,
				9716B27A247ADEA800AD59B9 /* FontExtensions.swift */,
			);
			path = Extensions;
			sourceTree = "<group>";
		};
		97E071B92478CE1500055C42 /* Views */ = {
			isa = PBXGroup;
			children = (
				9716B25B247A004800AD59B9 /* FilmCell.swift */,
				9716B269247A045F00AD59B9 /* HeaderView.swift */,
				9716B283247AF95700AD59B9 /* Loader.swift */,
				9716B25D247A005C00AD59B9 /* PersonCell.swift */,
				9716B25F247A009200AD59B9 /* PlanetCell.swift */,
				9716B267247A00F000AD59B9 /* ResourceCell.swift */,
				9716B270247A349100AD59B9 /* SectionCell.swift */,
				9716B263247A00B200AD59B9 /* SpeciesCell.swift */,
				9716B265247A00C100AD59B9 /* StarshipCell.swift */,
				97E071BE2478EAE500055C42 /* TiltedTextView.swift */,
				9716B261247A00A200AD59B9 /* VehicleCell.swift */,
			);
			path = Views;
			sourceTree = "<group>";
		};
		97E071BA2478CE1D00055C42 /* Controllers */ = {
			isa = PBXGroup;
			children = (
				97E071BC2478DBF200055C42 /* IntroViewController.swift */,
				97FF6F4F24677CB700B9FB56 /* HomeViewController.swift */,
				9716B27F247AE98900AD59B9 /* NavigationController.swift */,
				9716B281247AF3E700AD59B9 /* ResourcesViewController.swift */,
			);
			path = Controllers;
			sourceTree = "<group>";
		};
		97E071BB2478CE2300055C42 /* Models */ = {
			isa = PBXGroup;
			children = (
				9716B287247C8F2200AD59B9 /* LayoutPosition.swift */,
				9716B272247A37D200AD59B9 /* Section.swift */,
			);
			path = Models;
			sourceTree = "<group>";
		};
		97FF6F3F24677CB700B9FB56 = {
			isa = PBXGroup;
			children = (
				97FF6F4A24677CB700B9FB56 /* SWookiee App */,
				97FF6F4924677CB700B9FB56 /* Products */,
			);
			sourceTree = "<group>";
		};
		97FF6F4924677CB700B9FB56 /* Products */ = {
			isa = PBXGroup;
			children = (
				97FF6F4824677CB700B9FB56 /* SWookiee App.app */,
			);
			name = Products;
			sourceTree = "<group>";
		};
		97FF6F4A24677CB700B9FB56 /* SWookiee App */ = {
			isa = PBXGroup;
			children = (
				9716B276247ADDD200AD59B9 /* Assets */,
				97E071BA2478CE1D00055C42 /* Controllers */,
				9716B279247ADE9700AD59B9 /* Extensions */,
				97E071BB2478CE2300055C42 /* Models */,
				9716B26B247A046F00AD59B9 /* Protocols */,
				97E071B92478CE1500055C42 /* Views */,
				97FF6F4B24677CB700B9FB56 /* AppDelegate.swift */,
				97FF6F4D24677CB700B9FB56 /* SceneDelegate.swift */,
				97FF6F5124677CB700B9FB56 /* Main.storyboard */,
				97FF6F5624677CB700B9FB56 /* LaunchScreen.storyboard */,
				97FF6F5924677CB700B9FB56 /* Info.plist */,
			);
			path = "SWookiee App";
			sourceTree = "<group>";
		};
/* End PBXGroup section */

/* Begin PBXNativeTarget section */
		97FF6F4724677CB700B9FB56 /* SWookiee App */ = {
			isa = PBXNativeTarget;
			buildConfigurationList = 97FF6F5C24677CB700B9FB56 /* Build configuration list for PBXNativeTarget "SWookiee App" */;
			buildPhases = (
				97FF6F4424677CB700B9FB56 /* Sources */,
				97FF6F4524677CB700B9FB56 /* Frameworks */,
				97FF6F4624677CB700B9FB56 /* Resources */,
				97EB789C2467920C0035D0DD /* Embed Frameworks */,
			);
			buildRules = (
			);
			dependencies = (
			);
			name = "SWookiee App";
			packageProductDependencies = (
				97FF6F6024677CD800B9FB56 /* Boing */,
				977EBBA62467D7AE009F1A93 /* SWookiee */,
			);
			productName = SWookiee;
			productReference = 97FF6F4824677CB700B9FB56 /* SWookiee App.app */;
			productType = "com.apple.product-type.application";
		};
/* End PBXNativeTarget section */

/* Begin PBXProject section */
		97FF6F4024677CB700B9FB56 /* Project object */ = {
			isa = PBXProject;
			attributes = {
				LastSwiftUpdateCheck = 1140;
				LastUpgradeCheck = 1140;
				ORGANIZATIONNAME = "Pokanop Apps LLC";
				TargetAttributes = {
					97FF6F4724677CB700B9FB56 = {
						CreatedOnToolsVersion = 11.4.1;
					};
				};
			};
			buildConfigurationList = 97FF6F4324677CB700B9FB56 /* Build configuration list for PBXProject "SWookiee App" */;
			compatibilityVersion = "Xcode 9.3";
			developmentRegion = en;
			hasScannedForEncodings = 0;
			knownRegions = (
				en,
				Base,
			);
			mainGroup = 97FF6F3F24677CB700B9FB56;
			packageReferences = (
				97FF6F5F24677CD800B9FB56 /* XCRemoteSwiftPackageReference "boing" */,
				977EBBA52467D7AE009F1A93 /* XCRemoteSwiftPackageReference "swookiee" */,
			);
			productRefGroup = 97FF6F4924677CB700B9FB56 /* Products */;
			projectDirPath = "";
			projectRoot = "";
			targets = (
				97FF6F4724677CB700B9FB56 /* SWookiee App */,
			);
		};
/* End PBXProject section */

/* Begin PBXResourcesBuildPhase section */
		97FF6F4624677CB700B9FB56 /* Resources */ = {
			isa = PBXResourcesBuildPhase;
			buildActionMask = 2147483647;
			files = (
				97FF6F5824677CB700B9FB56 /* LaunchScreen.storyboard in Resources */,
				97FF6F5524677CB700B9FB56 /* Assets.xcassets in Resources */,
				9716B278247ADE0F00AD59B9 /* Starjedi.ttf in Resources */,
				97FF6F5324677CB700B9FB56 /* Main.storyboard in Resources */,
			);
			runOnlyForDeploymentPostprocessing = 0;
		};
/* End PBXResourcesBuildPhase section */

/* Begin PBXSourcesBuildPhase section */
		97FF6F4424677CB700B9FB56 /* Sources */ = {
			isa = PBXSourcesBuildPhase;
			buildActionMask = 2147483647;
			files = (
				9716B273247A37D200AD59B9 /* Section.swift in Sources */,
				97FF6F5024677CB700B9FB56 /* HomeViewController.swift in Sources */,
				9716B27B247ADEA800AD59B9 /* FontExtensions.swift in Sources */,
				9716B271247A349100AD59B9 /* SectionCell.swift in Sources */,
				9716B268247A00F000AD59B9 /* ResourceCell.swift in Sources */,
				9716B286247C8BC100AD59B9 /* ArrayExtensions.swift in Sources */,
				9716B284247AF95700AD59B9 /* Loader.swift in Sources */,
				97FF6F4C24677CB700B9FB56 /* AppDelegate.swift in Sources */,
				97FF6F4E24677CB700B9FB56 /* SceneDelegate.swift in Sources */,
				9716B25C247A004800AD59B9 /* FilmCell.swift in Sources */,
				97E071BD2478DBF200055C42 /* IntroViewController.swift in Sources */,
				97E071BF2478EAE500055C42 /* TiltedTextView.swift in Sources */,
				9716B282247AF3E700AD59B9 /* ResourcesViewController.swift in Sources */,
				9716B26F247A056F00AD59B9 /* ReuseProvider.swift in Sources */,
				9716B288247C8F2200AD59B9 /* LayoutPosition.swift in Sources */,
				9716B266247A00C100AD59B9 /* StarshipCell.swift in Sources */,
				9716B280247AE98900AD59B9 /* NavigationController.swift in Sources */,
				9716B26D247A049900AD59B9 /* KindProvider.swift in Sources */,
				9716B264247A00B200AD59B9 /* SpeciesCell.swift in Sources */,
				9716B262247A00A200AD59B9 /* VehicleCell.swift in Sources */,
				9716B25E247A005C00AD59B9 /* PersonCell.swift in Sources */,
				9716B260247A009200AD59B9 /* PlanetCell.swift in Sources */,
				9716B26A247A045F00AD59B9 /* HeaderView.swift in Sources */,
			);
			runOnlyForDeploymentPostprocessing = 0;
		};
/* End PBXSourcesBuildPhase section */

/* Begin PBXVariantGroup section */
		97FF6F5124677CB700B9FB56 /* Main.storyboard */ = {
			isa = PBXVariantGroup;
			children = (
				97FF6F5224677CB700B9FB56 /* Base */,
			);
			name = Main.storyboard;
			sourceTree = "<group>";
		};
		97FF6F5624677CB700B9FB56 /* LaunchScreen.storyboard */ = {
			isa = PBXVariantGroup;
			children = (
				97FF6F5724677CB700B9FB56 /* Base */,
			);
			name = LaunchScreen.storyboard;
			sourceTree = "<group>";
		};
/* End PBXVariantGroup section */

/* Begin XCBuildConfiguration section */
		97FF6F5A24677CB700B9FB56 /* Debug */ = {
			isa = XCBuildConfiguration;
			buildSettings = {
				ALWAYS_SEARCH_USER_PATHS = NO;
				CLANG_ANALYZER_NONNULL = YES;
				CLANG_ANALYZER_NUMBER_OBJECT_CONVERSION = YES_AGGRESSIVE;
				CLANG_CXX_LANGUAGE_STANDARD = "gnu++14";
				CLANG_CXX_LIBRARY = "libc++";
				CLANG_ENABLE_MODULES = YES;
				CLANG_ENABLE_OBJC_ARC = YES;
				CLANG_ENABLE_OBJC_WEAK = YES;
				CLANG_WARN_BLOCK_CAPTURE_AUTORELEASING = YES;
				CLANG_WARN_BOOL_CONVERSION = YES;
				CLANG_WARN_COMMA = YES;
				CLANG_WARN_CONSTANT_CONVERSION = YES;
				CLANG_WARN_DEPRECATED_OBJC_IMPLEMENTATIONS = YES;
				CLANG_WARN_DIRECT_OBJC_ISA_USAGE = YES_ERROR;
				CLANG_WARN_DOCUMENTATION_COMMENTS = YES;
				CLANG_WARN_EMPTY_BODY = YES;
				CLANG_WARN_ENUM_CONVERSION = YES;
				CLANG_WARN_INFINITE_RECURSION = YES;
				CLANG_WARN_INT_CONVERSION = YES;
				CLANG_WARN_NON_LITERAL_NULL_CONVERSION = YES;
				CLANG_WARN_OBJC_IMPLICIT_RETAIN_SELF = YES;
				CLANG_WARN_OBJC_LITERAL_CONVERSION = YES;
				CLANG_WARN_OBJC_ROOT_CLASS = YES_ERROR;
				CLANG_WARN_RANGE_LOOP_ANALYSIS = YES;
				CLANG_WARN_STRICT_PROTOTYPES = YES;
				CLANG_WARN_SUSPICIOUS_MOVE = YES;
				CLANG_WARN_UNGUARDED_AVAILABILITY = YES_AGGRESSIVE;
				CLANG_WARN_UNREACHABLE_CODE = YES;
				CLANG_WARN__DUPLICATE_METHOD_MATCH = YES;
				COPY_PHASE_STRIP = NO;
				DEBUG_INFORMATION_FORMAT = dwarf;
				ENABLE_STRICT_OBJC_MSGSEND = YES;
				ENABLE_TESTABILITY = YES;
				GCC_C_LANGUAGE_STANDARD = gnu11;
				GCC_DYNAMIC_NO_PIC = NO;
				GCC_NO_COMMON_BLOCKS = YES;
				GCC_OPTIMIZATION_LEVEL = 0;
				GCC_PREPROCESSOR_DEFINITIONS = (
					"DEBUG=1",
					"$(inherited)",
				);
				GCC_WARN_64_TO_32_BIT_CONVERSION = YES;
				GCC_WARN_ABOUT_RETURN_TYPE = YES_ERROR;
				GCC_WARN_UNDECLARED_SELECTOR = YES;
				GCC_WARN_UNINITIALIZED_AUTOS = YES_AGGRESSIVE;
				GCC_WARN_UNUSED_FUNCTION = YES;
				GCC_WARN_UNUSED_VARIABLE = YES;
				IPHONEOS_DEPLOYMENT_TARGET = 13.4;
				MTL_ENABLE_DEBUG_INFO = INCLUDE_SOURCE;
				MTL_FAST_MATH = YES;
				ONLY_ACTIVE_ARCH = YES;
				SDKROOT = iphoneos;
				SWIFT_ACTIVE_COMPILATION_CONDITIONS = DEBUG;
				SWIFT_OPTIMIZATION_LEVEL = "-Onone";
			};
			name = Debug;
		};
		97FF6F5B24677CB700B9FB56 /* Release */ = {
			isa = XCBuildConfiguration;
			buildSettings = {
				ALWAYS_SEARCH_USER_PATHS = NO;
				CLANG_ANALYZER_NONNULL = YES;
				CLANG_ANALYZER_NUMBER_OBJECT_CONVERSION = YES_AGGRESSIVE;
				CLANG_CXX_LANGUAGE_STANDARD = "gnu++14";
				CLANG_CXX_LIBRARY = "libc++";
				CLANG_ENABLE_MODULES = YES;
				CLANG_ENABLE_OBJC_ARC = YES;
				CLANG_ENABLE_OBJC_WEAK = YES;
				CLANG_WARN_BLOCK_CAPTURE_AUTORELEASING = YES;
				CLANG_WARN_BOOL_CONVERSION = YES;
				CLANG_WARN_COMMA = YES;
				CLANG_WARN_CONSTANT_CONVERSION = YES;
				CLANG_WARN_DEPRECATED_OBJC_IMPLEMENTATIONS = YES;
				CLANG_WARN_DIRECT_OBJC_ISA_USAGE = YES_ERROR;
				CLANG_WARN_DOCUMENTATION_COMMENTS = YES;
				CLANG_WARN_EMPTY_BODY = YES;
				CLANG_WARN_ENUM_CONVERSION = YES;
				CLANG_WARN_INFINITE_RECURSION = YES;
				CLANG_WARN_INT_CONVERSION = YES;
				CLANG_WARN_NON_LITERAL_NULL_CONVERSION = YES;
				CLANG_WARN_OBJC_IMPLICIT_RETAIN_SELF = YES;
				CLANG_WARN_OBJC_LITERAL_CONVERSION = YES;
				CLANG_WARN_OBJC_ROOT_CLASS = YES_ERROR;
				CLANG_WARN_RANGE_LOOP_ANALYSIS = YES;
				CLANG_WARN_STRICT_PROTOTYPES = YES;
				CLANG_WARN_SUSPICIOUS_MOVE = YES;
				CLANG_WARN_UNGUARDED_AVAILABILITY = YES_AGGRESSIVE;
				CLANG_WARN_UNREACHABLE_CODE = YES;
				CLANG_WARN__DUPLICATE_METHOD_MATCH = YES;
				COPY_PHASE_STRIP = NO;
				DEBUG_INFORMATION_FORMAT = "dwarf-with-dsym";
				ENABLE_NS_ASSERTIONS = NO;
				ENABLE_STRICT_OBJC_MSGSEND = YES;
				GCC_C_LANGUAGE_STANDARD = gnu11;
				GCC_NO_COMMON_BLOCKS = YES;
				GCC_WARN_64_TO_32_BIT_CONVERSION = YES;
				GCC_WARN_ABOUT_RETURN_TYPE = YES_ERROR;
				GCC_WARN_UNDECLARED_SELECTOR = YES;
				GCC_WARN_UNINITIALIZED_AUTOS = YES_AGGRESSIVE;
				GCC_WARN_UNUSED_FUNCTION = YES;
				GCC_WARN_UNUSED_VARIABLE = YES;
				IPHONEOS_DEPLOYMENT_TARGET = 13.4;
				MTL_ENABLE_DEBUG_INFO = NO;
				MTL_FAST_MATH = YES;
				SDKROOT = iphoneos;
				SWIFT_COMPILATION_MODE = wholemodule;
				SWIFT_OPTIMIZATION_LEVEL = "-O";
				VALIDATE_PRODUCT = YES;
			};
			name = Release;
		};
		97FF6F5D24677CB700B9FB56 /* Debug */ = {
			isa = XCBuildConfiguration;
			buildSettings = {
				ALWAYS_EMBED_SWIFT_STANDARD_LIBRARIES = YES;
				ASSETCATALOG_COMPILER_APPICON_NAME = AppIcon;
				CODE_SIGN_STYLE = Automatic;
				DEVELOPMENT_TEAM = JWN29MLAZ7;
				INFOPLIST_FILE = "SWookiee App/Info.plist";
				LD_RUNPATH_SEARCH_PATHS = (
					"$(inherited)",
					"@executable_path/Frameworks",
				);
				PRODUCT_BUNDLE_IDENTIFIER = com.pokanop.SWookieeApp;
				PRODUCT_NAME = "$(TARGET_NAME)";
				SWIFT_VERSION = 5.0;
				TARGETED_DEVICE_FAMILY = "1,2";
			};
			name = Debug;
		};
		97FF6F5E24677CB700B9FB56 /* Release */ = {
			isa = XCBuildConfiguration;
			buildSettings = {
				ALWAYS_EMBED_SWIFT_STANDARD_LIBRARIES = YES;
				ASSETCATALOG_COMPILER_APPICON_NAME = AppIcon;
				CODE_SIGN_STYLE = Automatic;
				DEVELOPMENT_TEAM = JWN29MLAZ7;
				INFOPLIST_FILE = "SWookiee App/Info.plist";
				LD_RUNPATH_SEARCH_PATHS = (
					"$(inherited)",
					"@executable_path/Frameworks",
				);
				PRODUCT_BUNDLE_IDENTIFIER = com.pokanop.SWookieeApp;
				PRODUCT_NAME = "$(TARGET_NAME)";
				SWIFT_VERSION = 5.0;
				TARGETED_DEVICE_FAMILY = "1,2";
			};
			name = Release;
		};
/* End XCBuildConfiguration section */

/* Begin XCConfigurationList section */
		97FF6F4324677CB700B9FB56 /* Build configuration list for PBXProject "SWookiee App" */ = {
			isa = XCConfigurationList;
			buildConfigurations = (
				97FF6F5A24677CB700B9FB56 /* Debug */,
				97FF6F5B24677CB700B9FB56 /* Release */,
			);
			defaultConfigurationIsVisible = 0;
			defaultConfigurationName = Release;
		};
		97FF6F5C24677CB700B9FB56 /* Build configuration list for PBXNativeTarget "SWookiee App" */ = {
			isa = XCConfigurationList;
			buildConfigurations = (
				97FF6F5D24677CB700B9FB56 /* Debug */,
				97FF6F5E24677CB700B9FB56 /* Release */,
			);
			defaultConfigurationIsVisible = 0;
			defaultConfigurationName = Release;
		};
/* End XCConfigurationList section */

/* Begin XCRemoteSwiftPackageReference section */
		977EBBA52467D7AE009F1A93 /* XCRemoteSwiftPackageReference "swookiee" */ = {
			isa = XCRemoteSwiftPackageReference;
			repositoryURL = "git@github.com:pokanop/swookiee.git";
			requirement = {
				kind = upToNextMajorVersion;
				minimumVersion = 0.2.4;
			};
		};
		97FF6F5F24677CD800B9FB56 /* XCRemoteSwiftPackageReference "boing" */ = {
			isa = XCRemoteSwiftPackageReference;
			repositoryURL = "git@github.com:pokanop/boing.git";
			requirement = {
				kind = upToNextMajorVersion;
				minimumVersion = 0.8.0;
			};
		};
/* End XCRemoteSwiftPackageReference section */

/* Begin XCSwiftPackageProductDependency section */
		977EBBA62467D7AE009F1A93 /* SWookiee */ = {
			isa = XCSwiftPackageProductDependency;
			package = 977EBBA52467D7AE009F1A93 /* XCRemoteSwiftPackageReference "swookiee" */;
			productName = SWookiee;
		};
		97FF6F6024677CD800B9FB56 /* Boing */ = {
			isa = XCSwiftPackageProductDependency;
			package = 97FF6F5F24677CD800B9FB56 /* XCRemoteSwiftPackageReference "boing" */;
			productName = Boing;
		};
/* End XCSwiftPackageProductDependency section */
	};
	rootObject = 97FF6F4024677CB700B9FB56 /* Project object */;
}
